
Microsoft Visual Studio Solution File, Format Version 12.00
# Visual Studio 2013
VisualStudioVersion = 12.0.31101.0
MinimumVisualStudioVersion = 10.0.40219.1
Project("{FAE04EC0-301F-11D3-BF4B-00C04F79EFBC}") = "Kursovaya1.ODataBackend", "ODataBackend/Kursovaya1.ODataBackend.csproj", "{C87A0B77-706A-42E8-B295-4035E9A85F4E}"
EndProject
Project("{FAE04EC0-301F-11D3-BF4B-00C04F79EFBC}") = "Kursovaya1.Objects", "Objects/Kursovaya1.Objects.csproj", "{B31D3B24-2439-43C6-AE8F-7EDCAF12A9DE}"
EndProject
Global
	GlobalSection(SolutionConfigurationPlatforms) = preSolution
Debug|Any CPU = Debug|Any CPU
Release|Any CPU = Release|Any CPU
	EndGlobalSection
	GlobalSection(ProjectConfigurationPlatforms) = postSolution
		{C87A0B77-706A-42E8-B295-4035E9A85F4E}.Debug|Any CPU.ActiveCfg = Debug|Any CPU
		{C87A0B77-706A-42E8-B295-4035E9A85F4E}.Debug|Any CPU.Build.0 = Debug|Any CPU
		{C87A0B77-706A-42E8-B295-4035E9A85F4E}.Release|Any CPU.ActiveCfg = Release|Any CPU
		{C87A0B77-706A-42E8-B295-4035E9A85F4E}.Release|Any CPU.Build.0 = Release|Any CPU
		{B31D3B24-2439-43C6-AE8F-7EDCAF12A9DE}.Debug|Any CPU.ActiveCfg = Debug|Any CPU
		{B31D3B24-2439-43C6-AE8F-7EDCAF12A9DE}.Debug|Any CPU.Build.0 = Debug|Any CPU
		{B31D3B24-2439-43C6-AE8F-7EDCAF12A9DE}.Release|Any CPU.ActiveCfg = Release|Any CPU
		{B31D3B24-2439-43C6-AE8F-7EDCAF12A9DE}.Release|Any CPU.Build.0 = Release|Any CPU
	EndGlobalSection
	GlobalSection(SolutionProperties) = preSolution
		HideSolutionNode = FALSE
	EndGlobalSection
EndGlobal
